
Microsoft Visual Studio Solution File, Format Version 12.00
# Visual Studio Version 17
VisualStudioVersion = 17.0.31903.59
MinimumVisualStudioVersion = 10.0.40219.1
Project("{2150E333-8FDC-42A3-9474-1A3956D46DE8}") = "src", "src", "{827E0CD3-B72D-47B6-A68D-7590B98EB39B}"
EndProject
Project("{FAE04EC0-301F-11D3-BF4B-00C04F79EFBC}") = "ProductManagement.Domain", "src\ProductManagement.Domain\ProductManagement.Domain.csproj", "{87AAEBD9-253A-4186-98A1-32168386505A}"
EndProject
Project("{FAE04EC0-301F-11D3-BF4B-00C04F79EFBC}") = "ProductManagement.Application", "src\ProductManagement.Application\ProductManagement.Application.csproj", "{550719B4-B881-4D2C-B273-B0C48869D6B5}"
EndProject
Project("{FAE04EC0-301F-11D3-BF4B-00C04F79EFBC}") = "ProductManagement.Infrastructure", "src\ProductManagement.Infrastructure\ProductManagement.Infrastructure.csproj", "{FBA97570-D968-4E74-AB80-FFFC84451BAF}"
EndProject
Project("{FAE04EC0-301F-11D3-BF4B-00C04F79EFBC}") = "ProductManagement.Api", "src\ProductManagement.Api\ProductManagement.Api.csproj", "{88424C62-3173-417D-853A-1F256C77D67A}"
EndProject
Project("{2150E333-8FDC-42A3-9474-1A3956D46DE8}") = "tests", "tests", "{0AB3BF05-4346-4AA6-1389-037BE0695223}"
EndProject
Project("{FAE04EC0-301F-11D3-BF4B-00C04F79EFBC}") = "ProductManagement.UnitTests", "tests\ProductManagement.UnitTests\ProductManagement.UnitTests.csproj", "{7C5BDB37-3F9D-4207-861E-A89F578AB2A1}"
EndProject
Project("{FAE04EC0-301F-11D3-BF4B-00C04F79EFBC}") = "ProductManagement.AppHost", "src\ProductManagement.AppHost\ProductManagement.AppHost.csproj", "{E80CA349-AF8A-48F0-8DD7-3D55565E08E4}"
EndProject
Project("{FAE04EC0-301F-11D3-BF4B-00C04F79EFBC}") = "ProductManagement.MigrationService", "src\ProductManagement.MigrationService\ProductManagement.MigrationService.csproj", "{9CA57C5C-DCF8-4DD1-84BE-6E66240DFB08}"
EndProject
Project("{FAE04EC0-301F-11D3-BF4B-00C04F79EFBC}") = "ProductManagement.ServiceDefaults", "src\ProductManagement.ServiceDefaults\ProductManagement.ServiceDefaults.csproj", "{8601B026-2147-4974-8269-8C248F03BF13}"
EndProject
Global
	GlobalSection(SolutionConfigurationPlatforms) = preSolution
		Debug|Any CPU = Debug|Any CPU
		Debug|x64 = Debug|x64
		Debug|x86 = Debug|x86
		Release|Any CPU = Release|Any CPU
		Release|x64 = Release|x64
		Release|x86 = Release|x86
	EndGlobalSection
	GlobalSection(ProjectConfigurationPlatforms) = postSolution
		{87AAEBD9-253A-4186-98A1-32168386505A}.Debug|Any CPU.ActiveCfg = Debug|Any CPU
		{87AAEBD9-253A-4186-98A1-32168386505A}.Debug|Any CPU.Build.0 = Debug|Any CPU
		{87AAEBD9-253A-4186-98A1-32168386505A}.Debug|x64.ActiveCfg = Debug|Any CPU
		{87AAEBD9-253A-4186-98A1-32168386505A}.Debug|x64.Build.0 = Debug|Any CPU
		{87AAEBD9-253A-4186-98A1-32168386505A}.Debug|x86.ActiveCfg = Debug|Any CPU
		{87AAEBD9-253A-4186-98A1-32168386505A}.Debug|x86.Build.0 = Debug|Any CPU
		{87AAEBD9-253A-4186-98A1-32168386505A}.Release|Any CPU.ActiveCfg = Release|Any CPU
		{87AAEBD9-253A-4186-98A1-32168386505A}.Release|Any CPU.Build.0 = Release|Any CPU
		{87AAEBD9-253A-4186-98A1-32168386505A}.Release|x64.ActiveCfg = Release|Any CPU
		{87AAEBD9-253A-4186-98A1-32168386505A}.Release|x64.Build.0 = Release|Any CPU
		{87AAEBD9-253A-4186-98A1-32168386505A}.Release|x86.ActiveCfg = Release|Any CPU
		{87AAEBD9-253A-4186-98A1-32168386505A}.Release|x86.Build.0 = Release|Any CPU
		{550719B4-B881-4D2C-B273-B0C48869D6B5}.Debug|Any CPU.ActiveCfg = Debug|Any CPU
		{550719B4-B881-4D2C-B273-B0C48869D6B5}.Debug|Any CPU.Build.0 = Debug|Any CPU
		{550719B4-B881-4D2C-B273-B0C48869D6B5}.Debug|x64.ActiveCfg = Debug|Any CPU
		{550719B4-B881-4D2C-B273-B0C48869D6B5}.Debug|x64.Build.0 = Debug|Any CPU
		{550719B4-B881-4D2C-B273-B0C48869D6B5}.Debug|x86.ActiveCfg = Debug|Any CPU
		{550719B4-B881-4D2C-B273-B0C48869D6B5}.Debug|x86.Build.0 = Debug|Any CPU
		{550719B4-B881-4D2C-B273-B0C48869D6B5}.Release|Any CPU.ActiveCfg = Release|Any CPU
		{550719B4-B881-4D2C-B273-B0C48869D6B5}.Release|Any CPU.Build.0 = Release|Any CPU
		{550719B4-B881-4D2C-B273-B0C48869D6B5}.Release|x64.ActiveCfg = Release|Any CPU
		{550719B4-B881-4D2C-B273-B0C48869D6B5}.Release|x64.Build.0 = Release|Any CPU
		{550719B4-B881-4D2C-B273-B0C48869D6B5}.Release|x86.ActiveCfg = Release|Any CPU
		{550719B4-B881-4D2C-B273-B0C48869D6B5}.Release|x86.Build.0 = Release|Any CPU
		{FBA97570-D968-4E74-AB80-FFFC84451BAF}.Debug|Any CPU.ActiveCfg = Debug|Any CPU
		{FBA97570-D968-4E74-AB80-FFFC84451BAF}.Debug|Any CPU.Build.0 = Debug|Any CPU
		{FBA97570-D968-4E74-AB80-FFFC84451BAF}.Debug|x64.ActiveCfg = Debug|Any CPU
		{FBA97570-D968-4E74-AB80-FFFC84451BAF}.Debug|x64.Build.0 = Debug|Any CPU
		{FBA97570-D968-4E74-AB80-FFFC84451BAF}.Debug|x86.ActiveCfg = Debug|Any CPU
		{FBA97570-D968-4E74-AB80-FFFC84451BAF}.Debug|x86.Build.0 = Debug|Any CPU
		{FBA97570-D968-4E74-AB80-FFFC84451BAF}.Release|Any CPU.ActiveCfg = Release|Any CPU
		{FBA97570-D968-4E74-AB80-FFFC84451BAF}.Release|Any CPU.Build.0 = Release|Any CPU
		{FBA97570-D968-4E74-AB80-FFFC84451BAF}.Release|x64.ActiveCfg = Release|Any CPU
		{FBA97570-D968-4E74-AB80-FFFC84451BAF}.Release|x64.Build.0 = Release|Any CPU
		{FBA97570-D968-4E74-AB80-FFFC84451BAF}.Release|x86.ActiveCfg = Release|Any CPU
		{FBA97570-D968-4E74-AB80-FFFC84451BAF}.Release|x86.Build.0 = Release|Any CPU
		{88424C62-3173-417D-853A-1F256C77D67A}.Debug|Any CPU.ActiveCfg = Debug|Any CPU
		{88424C62-3173-417D-853A-1F256C77D67A}.Debug|Any CPU.Build.0 = Debug|Any CPU
		{88424C62-3173-417D-853A-1F256C77D67A}.Debug|x64.ActiveCfg = Debug|Any CPU
		{88424C62-3173-417D-853A-1F256C77D67A}.Debug|x64.Build.0 = Debug|Any CPU
		{88424C62-3173-417D-853A-1F256C77D67A}.Debug|x86.ActiveCfg = Debug|Any CPU
		{88424C62-3173-417D-853A-1F256C77D67A}.Debug|x86.Build.0 = Debug|Any CPU
		{88424C62-3173-417D-853A-1F256C77D67A}.Release|Any CPU.ActiveCfg = Release|Any CPU
		{88424C62-3173-417D-853A-1F256C77D67A}.Release|Any CPU.Build.0 = Release|Any CPU
		{88424C62-3173-417D-853A-1F256C77D67A}.Release|x64.ActiveCfg = Release|Any CPU
		{88424C62-3173-417D-853A-1F256C77D67A}.Release|x64.Build.0 = Release|Any CPU
		{88424C62-3173-417D-853A-1F256C77D67A}.Release|x86.ActiveCfg = Release|Any CPU
		{88424C62-3173-417D-853A-1F256C77D67A}.Release|x86.Build.0 = Release|Any CPU
		{7C5BDB37-3F9D-4207-861E-A89F578AB2A1}.Debug|Any CPU.ActiveCfg = Debug|Any CPU
		{7C5BDB37-3F9D-4207-861E-A89F578AB2A1}.Debug|Any CPU.Build.0 = Debug|Any CPU
		{7C5BDB37-3F9D-4207-861E-A89F578AB2A1}.Debug|x64.ActiveCfg = Debug|Any CPU
		{7C5BDB37-3F9D-4207-861E-A89F578AB2A1}.Debug|x64.Build.0 = Debug|Any CPU
		{7C5BDB37-3F9D-4207-861E-A89F578AB2A1}.Debug|x86.ActiveCfg = Debug|Any CPU
		{7C5BDB37-3F9D-4207-861E-A89F578AB2A1}.Debug|x86.Build.0 = Debug|Any CPU
		{7C5BDB37-3F9D-4207-861E-A89F578AB2A1}.Release|Any CPU.ActiveCfg = Release|Any CPU
		{7C5BDB37-3F9D-4207-861E-A89F578AB2A1}.Release|Any CPU.Build.0 = Release|Any CPU
		{7C5BDB37-3F9D-4207-861E-A89F578AB2A1}.Release|x64.ActiveCfg = Release|Any CPU
		{7C5BDB37-3F9D-4207-861E-A89F578AB2A1}.Release|x64.Build.0 = Release|Any CPU
		{7C5BDB37-3F9D-4207-861E-A89F578AB2A1}.Release|x86.ActiveCfg = Release|Any CPU
		{7C5BDB37-3F9D-4207-861E-A89F578AB2A1}.Release|x86.Build.0 = Release|Any CPU
		{E80CA349-AF8A-48F0-8DD7-3D55565E08E4}.Debug|Any CPU.ActiveCfg = Debug|Any CPU
		{E80CA349-AF8A-48F0-8DD7-3D55565E08E4}.Debug|Any CPU.Build.0 = Debug|Any CPU
		{E80CA349-AF8A-48F0-8DD7-3D55565E08E4}.Debug|x64.ActiveCfg = Debug|Any CPU
		{E80CA349-AF8A-48F0-8DD7-3D55565E08E4}.Debug|x64.Build.0 = Debug|Any CPU
		{E80CA349-AF8A-48F0-8DD7-3D55565E08E4}.Debug|x86.ActiveCfg = Debug|Any CPU
		{E80CA349-AF8A-48F0-8DD7-3D55565E08E4}.Debug|x86.Build.0 = Debug|Any CPU
		{E80CA349-AF8A-48F0-8DD7-3D55565E08E4}.Release|Any CPU.ActiveCfg = Release|Any CPU
		{E80CA349-AF8A-48F0-8DD7-3D55565E08E4}.Release|Any CPU.Build.0 = Release|Any CPU
		{E80CA349-AF8A-48F0-8DD7-3D55565E08E4}.Release|x64.ActiveCfg = Release|Any CPU
		{E80CA349-AF8A-48F0-8DD7-3D55565E08E4}.Release|x64.Build.0 = Release|Any CPU
		{E80CA349-AF8A-48F0-8DD7-3D55565E08E4}.Release|x86.ActiveCfg = Release|Any CPU
		{E80CA349-AF8A-48F0-8DD7-3D55565E08E4}.Release|x86.Build.0 = Release|Any CPU
		{9CA57C5C-DCF8-4DD1-84BE-6E66240DFB08}.Debug|Any CPU.ActiveCfg = Debug|Any CPU
		{9CA57C5C-DCF8-4DD1-84BE-6E66240DFB08}.Debug|Any CPU.Build.0 = Debug|Any CPU
		{9CA57C5C-DCF8-4DD1-84BE-6E66240DFB08}.Debug|x64.ActiveCfg = Debug|Any CPU
		{9CA57C5C-DCF8-4DD1-84BE-6E66240DFB08}.Debug|x64.Build.0 = Debug|Any CPU
		{9CA57C5C-DCF8-4DD1-84BE-6E66240DFB08}.Debug|x86.ActiveCfg = Debug|Any CPU
		{9CA57C5C-DCF8-4DD1-84BE-6E66240DFB08}.Debug|x86.Build.0 = Debug|Any CPU
		{9CA57C5C-DCF8-4DD1-84BE-6E66240DFB08}.Release|Any CPU.ActiveCfg = Release|Any CPU
		{9CA57C5C-DCF8-4DD1-84BE-6E66240DFB08}.Release|Any CPU.Build.0 = Release|Any CPU
		{9CA57C5C-DCF8-4DD1-84BE-6E66240DFB08}.Release|x64.ActiveCfg = Release|Any CPU
		{9CA57C5C-DCF8-4DD1-84BE-6E66240DFB08}.Release|x64.Build.0 = Release|Any CPU
		{9CA57C5C-DCF8-4DD1-84BE-6E66240DFB08}.Release|x86.ActiveCfg = Release|Any CPU
		{9CA57C5C-DCF8-4DD1-84BE-6E66240DFB08}.Release|x86.Build.0 = Release|Any CPU
		{8601B026-2147-4974-8269-8C248F03BF13}.Debug|Any CPU.ActiveCfg = Debug|Any CPU
		{8601B026-2147-4974-8269-8C248F03BF13}.Debug|Any CPU.Build.0 = Debug|Any CPU
		{8601B026-2147-4974-8269-8C248F03BF13}.Debug|x64.ActiveCfg = Debug|Any CPU
		{8601B026-2147-4974-8269-8C248F03BF13}.Debug|x64.Build.0 = Debug|Any CPU
		{8601B026-2147-4974-8269-8C248F03BF13}.Debug|x86.ActiveCfg = Debug|Any CPU
		{8601B026-2147-4974-8269-8C248F03BF13}.Debug|x86.Build.0 = Debug|Any CPU
		{8601B026-2147-4974-8269-8C248F03BF13}.Release|Any CPU.ActiveCfg = Release|Any CPU
		{8601B026-2147-4974-8269-8C248F03BF13}.Release|Any CPU.Build.0 = Release|Any CPU
		{8601B026-2147-4974-8269-8C248F03BF13}.Release|x64.ActiveCfg = Release|Any CPU
		{8601B026-2147-4974-8269-8C248F03BF13}.Release|x64.Build.0 = Release|Any CPU
		{8601B026-2147-4974-8269-8C248F03BF13}.Release|x86.ActiveCfg = Release|Any CPU
		{8601B026-2147-4974-8269-8C248F03BF13}.Release|x86.Build.0 = Release|Any CPU
	EndGlobalSection
	GlobalSection(SolutionProperties) = preSolution
		HideSolutionNode = FALSE
	EndGlobalSection
	GlobalSection(NestedProjects) = preSolution
		{87AAEBD9-253A-4186-98A1-32168386505A} = {827E0CD3-B72D-47B6-A68D-7590B98EB39B}
		{550719B4-B881-4D2C-B273-B0C48869D6B5} = {827E0CD3-B72D-47B6-A68D-7590B98EB39B}
		{FBA97570-D968-4E74-AB80-FFFC84451BAF} = {827E0CD3-B72D-47B6-A68D-7590B98EB39B}
		{88424C62-3173-417D-853A-1F256C77D67A} = {827E0CD3-B72D-47B6-A68D-7590B98EB39B}
		{7C5BDB37-3F9D-4207-861E-A89F578AB2A1} = {0AB3BF05-4346-4AA6-1389-037BE0695223}
		{E80CA349-AF8A-48F0-8DD7-3D55565E08E4} = {827E0CD3-B72D-47B6-A68D-7590B98EB39B}
		{9CA57C5C-DCF8-4DD1-84BE-6E66240DFB08} = {827E0CD3-B72D-47B6-A68D-7590B98EB39B}
		{8601B026-2147-4974-8269-8C248F03BF13} = {827E0CD3-B72D-47B6-A68D-7590B98EB39B}
	EndGlobalSection
EndGlobal
